
Microsoft Visual Studio Solution File, Format Version 12.00
# Visual Studio Version 17
VisualStudioVersion = 17.9.34622.214
MinimumVisualStudioVersion = 10.0.40219.1
Project("{FAE04EC0-301F-11D3-BF4B-00C04F79EFBC}") = "TerraClubHub", "TerraClubHub\TerraClubHub.csproj", "{8E41C962-525F-49A1-B2CB-ADB84F6D010C}"
EndProject
Global
	GlobalSection(SolutionConfigurationPlatforms) = preSolution
		Debug|Any CPU = Debug|Any CPU
		Release|Any CPU = Release|Any CPU
	EndGlobalSection
	GlobalSection(ProjectConfigurationPlatforms) = postSolution
		{8E41C962-525F-49A1-B2CB-ADB84F6D010C}.Debug|Any CPU.ActiveCfg = Debug|Any CPU
		{8E41C962-525F-49A1-B2CB-ADB84F6D010C}.Debug|Any CPU.Build.0 = Debug|Any CPU
		{8E41C962-525F-49A1-B2CB-ADB84F6D010C}.Release|Any CPU.ActiveCfg = Release|Any CPU
		{8E41C962-525F-49A1-B2CB-ADB84F6D010C}.Release|Any CPU.Build.0 = Release|Any CPU
	EndGlobalSection
	GlobalSection(SolutionProperties) = preSolution
		HideSolutionNode = FALSE
	EndGlobalSection
	GlobalSection(ExtensibilityGlobals) = postSolution
		SolutionGuid = {FB8B59CC-8BC8-47D5-A3F5-E26282F9E4A7}
	EndGlobalSection
EndGlobal
